Microsoft Visual Studio Solution File, Format Version 12.00
# Visual Studio Version 17
VisualStudioVersion = 17.0.31903.59
MinimumVisualStudioVersion = 10.0.40219.1
Project("{2150E333-8FDC-42A3-9474-1A3956D46DE8}") = "01 - Desktop POS (WinForms .NET 4.8)", "01 - Desktop POS (WinForms .NET 4.8)", "{A1111111-1111-1111-1111-111111111111}"
EndProject
Project("{2150E333-8FDC-42A3-9474-1A3956D46DE8}") = "02 - AI Side-Panel Companion (.NET 8)", "02 - AI Side-Panel Companion (.NET 8)", "{A2222222-2222-2222-2222-222222222222}"
EndProject
Project("{2150E333-8FDC-42A3-9474-1A3956D46DE8}") = "03 - POS Dashboard & Services (.NET 8)", "03 - POS Dashboard & Services (.NET 8)", "{A3333333-3333-3333-3333-333333333333}"
EndProject
Project("{F184B08F-C81C-45F6-A57F-5ABD9991F28F}") = "SmartAvenue99 POS", "apps\pos-desktop\Source\SmartAvenue99_POS_VB\SmartAvenue99 POS\SmartAvenue99 POS.vbproj", "{E8166E87-F438-4BE3-B4AA-DF63B39BC73E}"
EndProject
Project("{FAE04EC0-301F-11D3-BF4B-00C04F79EFBC}") = "DevNet.ChromeDriverManager", "apps\pos-desktop\Source\Libraries\DevNet.ChromeDriverManager\DevNet.ChromeDriverManager\DevNet.ChromeDriverManager.csproj", "{7FAF7515-31BF-4017-BA1E-0A42651D966C}"
EndProject
Project("{FAE04EC0-301F-11D3-BF4B-00C04F79EFBC}") = "DevNet.GS", "apps\pos-desktop\Source\Libraries\DevNet.GS\DevNet.GS\DevNet.GS.csproj", "{0AA66BF5-C723-4A60-8D1C-01018DA84DE5}"
EndProject
Project("{FAE04EC0-301F-11D3-BF4B-00C04F79EFBC}") = "DevNet.PhonePe", "apps\pos-desktop\Source\Libraries\DevNet.PhonePe\DevNet.PhonePe\DevNet.PhonePe.csproj", "{FFDBC515-29A0-44E8-A127-41073B420514}"
EndProject
Project("{FAE04EC0-301F-11D3-BF4B-00C04F79EFBC}") = "DevNet.QImage", "apps\pos-desktop\Source\Libraries\DevNet.QImage\DevNet.QImage\DevNet.QImage.csproj", "{17611587-20A5-47CC-B3A7-BC19CBAA850F}"
EndProject
Project("{FAE04EC0-301F-11D3-BF4B-00C04F79EFBC}") = "DevNet.Translitration", "apps\pos-desktop\Source\Libraries\DevNet.Translitration\DevNet.Translitration\DevNet.Translitration.csproj", "{DC798ED5-0DFF-4217-AE8A-DE4BBD185566}"
EndProject
Project("{FAE04EC0-301F-11D3-BF4B-00C04F79EFBC}") = "DevNet.WhatsApp.V2", "apps\pos-desktop\Source\Libraries\DevNet.WhatsApp.V2\DevNet.WhatsApp.V2\DevNet.WhatsApp.V2.csproj", "{23591B97-9D35-4D31-9035-8E109AEE185A}"
EndProject
Project("{FAE04EC0-301F-11D3-BF4B-00C04F79EFBC}") = "DevNetFB", "apps\pos-desktop\Source\Libraries\DevNetFB\DevNetFB\DevNetFB.csproj", "{4ABA3AF9-17D6-43C8-B603-B32719A56C03}"
EndProject
Project("{FAE04EC0-301F-11D3-BF4B-00C04F79EFBC}") = "DevNetLM", "apps\pos-desktop\Source\Libraries\DevNetLM\DevNetLM\DevNetLM.csproj", "{03E11218-0BCF-4276-9D33-B36FA9DAC215}"
EndProject
Project("{FAE04EC0-301F-11D3-BF4B-00C04F79EFBC}") = "DevNetSR", "apps\pos-desktop\Source\Libraries\DevNetSR\DevNetSR\DevNetSR.csproj", "{9C54D5CC-BE90-4715-AB8D-374CC1572A8C}"
EndProject
Project("{FAE04EC0-301F-11D3-BF4B-00C04F79EFBC}") = "DevNetTRLN", "apps\pos-desktop\Source\Libraries\DevNetTRLN\DevNetTRLN\DevNetTRLN.csproj", "{21932589-3EDA-49AE-A581-7E03585E604F}"
EndProject
Project("{FAE04EC0-301F-11D3-BF4B-00C04F79EFBC}") = "DevNetWP", "apps\pos-desktop\Source\Libraries\DevNetWP\DevNetWP\DevNetWP.csproj", "{CD36CED6-E10D-4C75-A79C-CDD1708355F8}"
EndProject
Project("{FAE04EC0-301F-11D3-BF4B-00C04F79EFBC}") = "MyDBLibrary", "apps\pos-desktop\Source\Libraries\MyDBLibrary\MyDBLibrary\MyDBLibrary.csproj", "{D9CF4EF1-37D1-4BC4-9B06-22D7457E9CF3}"
EndProject
Project("{FAE04EC0-301F-11D3-BF4B-00C04F79EFBC}") = "SmartRetail.AI.Core", "apps\pos-ai-companion\src\SmartRetail.AI.Core\SmartRetail.AI.Core.csproj", "{10F513F9-76B3-4473-9071-F88C00BF2D8B}"
EndProject
Project("{FAE04EC0-301F-11D3-BF4B-00C04F79EFBC}") = "SmartRetail.AI.Desktop", "apps\pos-ai-companion\src\SmartRetail.AI.Desktop\SmartRetail.AI.Desktop.csproj", "{8EB3386C-A7F8-469B-8EE5-370A39F546DA}"
EndProject
Project("{FAE04EC0-301F-11D3-BF4B-00C04F79EFBC}") = "SmartRetail.AI.Tests", "apps\pos-ai-companion\tests\SmartRetail.AI.Tests\SmartRetail.AI.Tests.csproj", "{73164C17-DEFE-44AC-BFE2-73F5E689BAC7}"
EndProject
Project("{FAE04EC0-301F-11D3-BF4B-00C04F79EFBC}") = "SmartRetail.Pos.Core", "apps\pos-dashboard-service\src\SmartRetail.Pos.Core\SmartRetail.Pos.Core.csproj", "{DB0525DE-1D7D-4737-9E72-6645C84674F6}"
EndProject
Project("{FAE04EC0-301F-11D3-BF4B-00C04F79EFBC}") = "SmartRetail.Pos.Data", "apps\pos-dashboard-service\src\SmartRetail.Pos.Data\SmartRetail.Pos.Data.csproj", "{86ADFB2B-E00E-41FD-B92B-00BD40AFBC75}"
EndProject
Project("{FAE04EC0-301F-11D3-BF4B-00C04F79EFBC}") = "SmartRetail.Pos.Web", "apps\pos-dashboard-service\src\SmartRetail.Pos.Web\SmartRetail.Pos.Web.csproj", "{E89DF199-0F02-448E-A315-EB7667C60337}"
EndProject
Project("{FAE04EC0-301F-11D3-BF4B-00C04F79EFBC}") = "SmartRetail.Pos.Vision", "apps\pos-dashboard-service\src\SmartRetail.Pos.Vision\SmartRetail.Pos.Vision.csproj", "{1443DBF5-FE6B-466C-9C4F-4E1BF18066DC}"
EndProject
Project("{FAE04EC0-301F-11D3-BF4B-00C04F79EFBC}") = "SmartRetail.Pos.Tests", "apps\pos-dashboard-service\tests\SmartRetail.Pos.Tests\SmartRetail.Pos.Tests.csproj", "{F7BED771-DBBB-4C1C-8ACA-2F39D5D5E5F1}"
EndProject
Global
	GlobalSection(SolutionConfigurationPlatforms) = preSolution
		Debug|Any CPU = Debug|Any CPU
		Debug|x64 = Debug|x64
		Debug|x86 = Debug|x86
		Release|Any CPU = Release|Any CPU
		Release|x64 = Release|x64
		Release|x86 = Release|x86
	EndGlobalSection
	GlobalSection(ProjectConfigurationPlatforms) = postSolution
		{E8166E87-F438-4BE3-B4AA-DF63B39BC73E}.Debug|Any CPU.ActiveCfg = Debug|x86
		{E8166E87-F438-4BE3-B4AA-DF63B39BC73E}.Debug|Any CPU.Build.0 = Debug|x86
		{E8166E87-F438-4BE3-B4AA-DF63B39BC73E}.Release|Any CPU.ActiveCfg = Release|x86
		{E8166E87-F438-4BE3-B4AA-DF63B39BC73E}.Release|Any CPU.Build.0 = Release|x86
		{7FAF7515-31BF-4017-BA1E-0A42651D966C}.Debug|Any CPU.ActiveCfg = Debug|Any CPU
		{7FAF7515-31BF-4017-BA1E-0A42651D966C}.Debug|Any CPU.Build.0 = Debug|Any CPU
		{7FAF7515-31BF-4017-BA1E-0A42651D966C}.Release|Any CPU.ActiveCfg = Release|Any CPU
		{7FAF7515-31BF-4017-BA1E-0A42651D966C}.Release|Any CPU.Build.0 = Release|Any CPU
		{0AA66BF5-C723-4A60-8D1C-01018DA84DE5}.Debug|Any CPU.ActiveCfg = Debug|Any CPU
		{0AA66BF5-C723-4A60-8D1C-01018DA84DE5}.Debug|Any CPU.Build.0 = Debug|Any CPU
		{0AA66BF5-C723-4A60-8D1C-01018DA84DE5}.Release|Any CPU.ActiveCfg = Release|Any CPU
		{0AA66BF5-C723-4A60-8D1C-01018DA84DE5}.Release|Any CPU.Build.0 = Release|Any CPU
		{FFDBC515-29A0-44E8-A127-41073B420514}.Debug|Any CPU.ActiveCfg = Debug|x86
		{FFDBC515-29A0-44E8-A127-41073B420514}.Debug|Any CPU.Build.0 = Debug|x86
		{FFDBC515-29A0-44E8-A127-41073B420514}.Release|Any CPU.ActiveCfg = Release|x86
		{FFDBC515-29A0-44E8-A127-41073B420514}.Release|Any CPU.Build.0 = Release|x86
		{17611587-20A5-47CC-B3A7-BC19CBAA850F}.Debug|Any CPU.ActiveCfg = Debug|Any CPU
		{17611587-20A5-47CC-B3A7-BC19CBAA850F}.Debug|Any CPU.Build.0 = Debug|Any CPU
		{17611587-20A5-47CC-B3A7-BC19CBAA850F}.Release|Any CPU.ActiveCfg = Release|Any CPU
		{17611587-20A5-47CC-B3A7-BC19CBAA850F}.Release|Any CPU.Build.0 = Release|Any CPU
		{DC798ED5-0DFF-4217-AE8A-DE4BBD185566}.Debug|Any CPU.ActiveCfg = Debug|Any CPU
		{DC798ED5-0DFF-4217-AE8A-DE4BBD185566}.Debug|Any CPU.Build.0 = Debug|Any CPU
		{DC798ED5-0DFF-4217-AE8A-DE4BBD185566}.Release|Any CPU.ActiveCfg = Release|Any CPU
		{DC798ED5-0DFF-4217-AE8A-DE4BBD185566}.Release|Any CPU.Build.0 = Release|Any CPU
		{23591B97-9D35-4D31-9035-8E109AEE185A}.Debug|Any CPU.ActiveCfg = Debug|Any CPU
		{23591B97-9D35-4D31-9035-8E109AEE185A}.Debug|Any CPU.Build.0 = Debug|Any CPU
		{23591B97-9D35-4D31-9035-8E109AEE185A}.Release|Any CPU.ActiveCfg = Release|Any CPU
		{23591B97-9D35-4D31-9035-8E109AEE185A}.Release|Any CPU.Build.0 = Release|Any CPU
		{4ABA3AF9-17D6-43C8-B603-B32719A56C03}.Debug|Any CPU.ActiveCfg = Debug|Any CPU
		{4ABA3AF9-17D6-43C8-B603-B32719A56C03}.Debug|Any CPU.Build.0 = Debug|Any CPU
		{4ABA3AF9-17D6-43C8-B603-B32719A56C03}.Release|Any CPU.ActiveCfg = Release|Any CPU
		{4ABA3AF9-17D6-43C8-B603-B32719A56C03}.Release|Any CPU.Build.0 = Release|Any CPU
		{03E11218-0BCF-4276-9D33-B36FA9DAC215}.Debug|Any CPU.ActiveCfg = Debug|Any CPU
		{03E11218-0BCF-4276-9D33-B36FA9DAC215}.Debug|Any CPU.Build.0 = Debug|Any CPU
		{03E11218-0BCF-4276-9D33-B36FA9DAC215}.Release|Any CPU.ActiveCfg = Release|Any CPU
		{03E11218-0BCF-4276-9D33-B36FA9DAC215}.Release|Any CPU.Build.0 = Release|Any CPU
		{9C54D5CC-BE90-4715-AB8D-374CC1572A8C}.Debug|Any CPU.ActiveCfg = Debug|Any CPU
		{9C54D5CC-BE90-4715-AB8D-374CC1572A8C}.Debug|Any CPU.Build.0 = Debug|Any CPU
		{9C54D5CC-BE90-4715-AB8D-374CC1572A8C}.Release|Any CPU.ActiveCfg = Release|Any CPU
		{9C54D5CC-BE90-4715-AB8D-374CC1572A8C}.Release|Any CPU.Build.0 = Release|Any CPU
		{21932589-3EDA-49AE-A581-7E03585E604F}.Debug|Any CPU.ActiveCfg = Debug|Any CPU
		{21932589-3EDA-49AE-A581-7E03585E604F}.Debug|Any CPU.Build.0 = Debug|Any CPU
		{21932589-3EDA-49AE-A581-7E03585E604F}.Release|Any CPU.ActiveCfg = Release|Any CPU
		{21932589-3EDA-49AE-A581-7E03585E604F}.Release|Any CPU.Build.0 = Release|Any CPU
		{CD36CED6-E10D-4C75-A79C-CDD1708355F8}.Debug|Any CPU.ActiveCfg = Debug|Any CPU
		{CD36CED6-E10D-4C75-A79C-CDD1708355F8}.Debug|Any CPU.Build.0 = Debug|Any CPU
		{CD36CED6-E10D-4C75-A79C-CDD1708355F8}.Release|Any CPU.ActiveCfg = Release|Any CPU
		{CD36CED6-E10D-4C75-A79C-CDD1708355F8}.Release|Any CPU.Build.0 = Release|Any CPU
		{D9CF4EF1-37D1-4BC4-9B06-22D7457E9CF3}.Debug|Any CPU.ActiveCfg = Debug|Any CPU
		{D9CF4EF1-37D1-4BC4-9B06-22D7457E9CF3}.Debug|Any CPU.Build.0 = Debug|Any CPU
		{D9CF4EF1-37D1-4BC4-9B06-22D7457E9CF3}.Release|Any CPU.ActiveCfg = Release|Any CPU
		{D9CF4EF1-37D1-4BC4-9B06-22D7457E9CF3}.Release|Any CPU.Build.0 = Release|Any CPU
		{10F513F9-76B3-4473-9071-F88C00BF2D8B}.Debug|Any CPU.ActiveCfg = Debug|Any CPU
		{10F513F9-76B3-4473-9071-F88C00BF2D8B}.Debug|Any CPU.Build.0 = Debug|Any CPU
		{10F513F9-76B3-4473-9071-F88C00BF2D8B}.Release|Any CPU.ActiveCfg = Release|Any CPU
		{10F513F9-76B3-4473-9071-F88C00BF2D8B}.Release|Any CPU.Build.0 = Release|Any CPU
		{8EB3386C-A7F8-469B-8EE5-370A39F546DA}.Debug|Any CPU.ActiveCfg = Debug|Any CPU
		{8EB3386C-A7F8-469B-8EE5-370A39F546DA}.Debug|Any CPU.Build.0 = Debug|Any CPU
		{8EB3386C-A7F8-469B-8EE5-370A39F546DA}.Release|Any CPU.ActiveCfg = Release|Any CPU
		{8EB3386C-A7F8-469B-8EE5-370A39F546DA}.Release|Any CPU.Build.0 = Release|Any CPU
		{73164C17-DEFE-44AC-BFE2-73F5E689BAC7}.Debug|Any CPU.ActiveCfg = Debug|Any CPU
		{73164C17-DEFE-44AC-BFE2-73F5E689BAC7}.Debug|Any CPU.Build.0 = Debug|Any CPU
		{73164C17-DEFE-44AC-BFE2-73F5E689BAC7}.Release|Any CPU.ActiveCfg = Release|Any CPU
		{73164C17-DEFE-44AC-BFE2-73F5E689BAC7}.Release|Any CPU.Build.0 = Release|Any CPU
		{DB0525DE-1D7D-4737-9E72-6645C84674F6}.Debug|Any CPU.ActiveCfg = Debug|Any CPU
		{DB0525DE-1D7D-4737-9E72-6645C84674F6}.Debug|Any CPU.Build.0 = Debug|Any CPU
		{DB0525DE-1D7D-4737-9E72-6645C84674F6}.Release|Any CPU.ActiveCfg = Release|Any CPU
		{DB0525DE-1D7D-4737-9E72-6645C84674F6}.Release|Any CPU.Build.0 = Release|Any CPU
		{86ADFB2B-E00E-41FD-B92B-00BD40AFBC75}.Debug|Any CPU.ActiveCfg = Debug|Any CPU
		{86ADFB2B-E00E-41FD-B92B-00BD40AFBC75}.Debug|Any CPU.Build.0 = Debug|Any CPU
		{86ADFB2B-E00E-41FD-B92B-00BD40AFBC75}.Release|Any CPU.ActiveCfg = Release|Any CPU
		{86ADFB2B-E00E-41FD-B92B-00BD40AFBC75}.Release|Any CPU.Build.0 = Release|Any CPU
		{E89DF199-0F02-448E-A315-EB7667C60337}.Debug|Any CPU.ActiveCfg = Debug|Any CPU
		{E89DF199-0F02-448E-A315-EB7667C60337}.Debug|Any CPU.Build.0 = Debug|Any CPU
		{E89DF199-0F02-448E-A315-EB7667C60337}.Release|Any CPU.ActiveCfg = Release|Any CPU
		{E89DF199-0F02-448E-A315-EB7667C60337}.Release|Any CPU.Build.0 = Release|Any CPU
		{1443DBF5-FE6B-466C-9C4F-4E1BF18066DC}.Debug|Any CPU.ActiveCfg = Debug|Any CPU
		{1443DBF5-FE6B-466C-9C4F-4E1BF18066DC}.Debug|Any CPU.Build.0 = Debug|Any CPU
		{1443DBF5-FE6B-466C-9C4F-4E1BF18066DC}.Release|Any CPU.ActiveCfg = Release|Any CPU
		{1443DBF5-FE6B-466C-9C4F-4E1BF18066DC}.Release|Any CPU.Build.0 = Release|Any CPU
		{F7BED771-DBBB-4C1C-8ACA-2F39D5D5E5F1}.Debug|Any CPU.ActiveCfg = Debug|Any CPU
		{F7BED771-DBBB-4C1C-8ACA-2F39D5D5E5F1}.Debug|Any CPU.Build.0 = Debug|Any CPU
		{F7BED771-DBBB-4C1C-8ACA-2F39D5D5E5F1}.Release|Any CPU.ActiveCfg = Release|Any CPU
		{F7BED771-DBBB-4C1C-8ACA-2F39D5D5E5F1}.Release|Any CPU.Build.0 = Release|Any CPU
	EndGlobalSection
	GlobalSection(SolutionProperties) = preSolution
		HideSolutionNode = FALSE
	EndGlobalSection
	GlobalSection(NestedProjects) = preSolution
		{E8166E87-F438-4BE3-B4AA-DF63B39BC73E} = {A1111111-1111-1111-1111-111111111111}
		{7FAF7515-31BF-4017-BA1E-0A42651D966C} = {A1111111-1111-1111-1111-111111111111}
		{0AA66BF5-C723-4A60-8D1C-01018DA84DE5} = {A1111111-1111-1111-1111-111111111111}
		{FFDBC515-29A0-44E8-A127-41073B420514} = {A1111111-1111-1111-1111-111111111111}
		{17611587-20A5-47CC-B3A7-BC19CBAA850F} = {A1111111-1111-1111-1111-111111111111}
		{DC798ED5-0DFF-4217-AE8A-DE4BBD185566} = {A1111111-1111-1111-1111-111111111111}
		{23591B97-9D35-4D31-9035-8E109AEE185A} = {A1111111-1111-1111-1111-111111111111}
		{4ABA3AF9-17D6-43C8-B603-B32719A56C03} = {A1111111-1111-1111-1111-111111111111}
		{03E11218-0BCF-4276-9D33-B36FA9DAC215} = {A1111111-1111-1111-1111-111111111111}
		{9C54D5CC-BE90-4715-AB8D-374CC1572A8C} = {A1111111-1111-1111-1111-111111111111}
		{21932589-3EDA-49AE-A581-7E03585E604F} = {A1111111-1111-1111-1111-111111111111}
		{CD36CED6-E10D-4C75-A79C-CDD1708355F8} = {A1111111-1111-1111-1111-111111111111}
		{D9CF4EF1-37D1-4BC4-9B06-22D7457E9CF3} = {A1111111-1111-1111-1111-111111111111}
		{10F513F9-76B3-4473-9071-F88C00BF2D8B} = {A2222222-2222-2222-2222-222222222222}
		{8EB3386C-A7F8-469B-8EE5-370A39F546DA} = {A2222222-2222-2222-2222-222222222222}
		{73164C17-DEFE-44AC-BFE2-73F5E689BAC7} = {A2222222-2222-2222-2222-222222222222}
		{DB0525DE-1D7D-4737-9E72-6645C84674F6} = {A3333333-3333-3333-3333-333333333333}
		{86ADFB2B-E00E-41FD-B92B-00BD40AFBC75} = {A3333333-3333-3333-3333-333333333333}
		{E89DF199-0F02-448E-A315-EB7667C60337} = {A3333333-3333-3333-3333-333333333333}
		{1443DBF5-FE6B-466C-9C4F-4E1BF18066DC} = {A3333333-3333-3333-3333-333333333333}
		{F7BED771-DBBB-4C1C-8ACA-2F39D5D5E5F1} = {A3333333-3333-3333-3333-333333333333}
	EndGlobalSection
EndGlobal
